
Microsoft Visual Studio Solution File, Format Version 12.00
# Visual Studio 14
VisualStudioVersion = 14.0.25420.1
MinimumVisualStudioVersion = 10.0.40219.1
Project("{FAE04EC0-301F-11D3-BF4B-00C04F79EFBC}") = "H.Super.Utility", "H.Super.Utility\H.Super.Utility.csproj", "{39B7F086-7DAF-48A0-864A-D391AC869B4C}"
EndProject
Project("{FAE04EC0-301F-11D3-BF4B-00C04F79EFBC}") = "Demo.WinForm", "Demo.WinForm\Demo.WinForm.csproj", "{93BD7C61-298E-43A2-990E-EF433F802120}"
EndProject
Project("{FAE04EC0-301F-11D3-BF4B-00C04F79EFBC}") = "Demo.Android", "Demo.Android\Demo.Android.csproj", "{B6FE8A40-08D7-4DE0-B8ED-EF6E5F07EC99}"
EndProject
Project("{FAE04EC0-301F-11D3-BF4B-00C04F79EFBC}") = "Demo.iPhone", "Demo.iPhone\Demo.iPhone.csproj", "{AD6584D4-11E2-4EFF-B61F-8C44A27FF594}"
EndProject
Project("{FAE04EC0-301F-11D3-BF4B-00C04F79EFBC}") = "Demo.WebApp", "Demo.WebApp\Demo.WebApp.csproj", "{E40147D9-5C71-4850-A8ED-7693FD965850}"
EndProject
Project("{FAE04EC0-301F-11D3-BF4B-00C04F79EFBC}") = "Demo.WebApp.Tests", "Demo.WebApp.Tests\Demo.WebApp.Tests.csproj", "{059BEBDB-6453-422D-A7AE-88FBC639197A}"
EndProject
Project("{FAE04EC0-301F-11D3-BF4B-00C04F79EFBC}") = "Demo.WebMVC", "Demo.WebMVC\Demo.WebMVC.csproj", "{A975DA39-15C0-4296-A743-48543507671A}"
EndProject
Global
	GlobalSection(SolutionConfigurationPlatforms) = preSolution
		Ad-Hoc|Any CPU = Ad-Hoc|Any CPU
		Ad-Hoc|iPhone = Ad-Hoc|iPhone
		Ad-Hoc|iPhoneSimulator = Ad-Hoc|iPhoneSimulator
		AppStore|Any CPU = AppStore|Any CPU
		AppStore|iPhone = AppStore|iPhone
		AppStore|iPhoneSimulator = AppStore|iPhoneSimulator
		Debug|Any CPU = Debug|Any CPU
		Debug|iPhone = Debug|iPhone
		Debug|iPhoneSimulator = Debug|iPhoneSimulator
		Release|Any CPU = Release|Any CPU
		Release|iPhone = Release|iPhone
		Release|iPhoneSimulator = Release|iPhoneSimulator
	EndGlobalSection
	GlobalSection(ProjectConfigurationPlatforms) = postSolution
		{39B7F086-7DAF-48A0-864A-D391AC869B4C}.Ad-Hoc|Any CPU.ActiveCfg = Release|Any CPU
		{39B7F086-7DAF-48A0-864A-D391AC869B4C}.Ad-Hoc|Any CPU.Build.0 = Release|Any CPU
		{39B7F086-7DAF-48A0-864A-D391AC869B4C}.Ad-Hoc|iPhone.ActiveCfg = Release|Any CPU
		{39B7F086-7DAF-48A0-864A-D391AC869B4C}.Ad-Hoc|iPhone.Build.0 = Release|Any CPU
		{39B7F086-7DAF-48A0-864A-D391AC869B4C}.Ad-Hoc|iPhoneSimulator.ActiveCfg = Release|Any CPU
		{39B7F086-7DAF-48A0-864A-D391AC869B4C}.Ad-Hoc|iPhoneSimulator.Build.0 = Release|Any CPU
		{39B7F086-7DAF-48A0-864A-D391AC869B4C}.AppStore|Any CPU.ActiveCfg = Release|Any CPU
		{39B7F086-7DAF-48A0-864A-D391AC869B4C}.AppStore|Any CPU.Build.0 = Release|Any CPU
		{39B7F086-7DAF-48A0-864A-D391AC869B4C}.AppStore|iPhone.ActiveCfg = Release|Any CPU
		{39B7F086-7DAF-48A0-864A-D391AC869B4C}.AppStore|iPhone.Build.0 = Release|Any CPU
		{39B7F086-7DAF-48A0-864A-D391AC869B4C}.AppStore|iPhoneSimulator.ActiveCfg = Release|Any CPU
		{39B7F086-7DAF-48A0-864A-D391AC869B4C}.AppStore|iPhoneSimulator.Build.0 = Release|Any CPU
		{39B7F086-7DAF-48A0-864A-D391AC869B4C}.Debug|Any CPU.ActiveCfg = Debug|Any CPU
		{39B7F086-7DAF-48A0-864A-D391AC869B4C}.Debug|Any CPU.Build.0 = Debug|Any CPU
		{39B7F086-7DAF-48A0-864A-D391AC869B4C}.Debug|iPhone.ActiveCfg = Debug|Any CPU
		{39B7F086-7DAF-48A0-864A-D391AC869B4C}.Debug|iPhone.Build.0 = Debug|Any CPU
		{39B7F086-7DAF-48A0-864A-D391AC869B4C}.Debug|iPhoneSimulator.ActiveCfg = Debug|Any CPU
		{39B7F086-7DAF-48A0-864A-D391AC869B4C}.Debug|iPhoneSimulator.Build.0 = Debug|Any CPU
		{39B7F086-7DAF-48A0-864A-D391AC869B4C}.Release|Any CPU.ActiveCfg = Release|Any CPU
		{39B7F086-7DAF-48A0-864A-D391AC869B4C}.Release|Any CPU.Build.0 = Release|Any CPU
		{39B7F086-7DAF-48A0-864A-D391AC869B4C}.Release|iPhone.ActiveCfg = Release|Any CPU
		{39B7F086-7DAF-48A0-864A-D391AC869B4C}.Release|iPhone.Build.0 = Release|Any CPU
		{39B7F086-7DAF-48A0-864A-D391AC869B4C}.Release|iPhoneSimulator.ActiveCfg = Release|Any CPU
		{39B7F086-7DAF-48A0-864A-D391AC869B4C}.Release|iPhoneSimulator.Build.0 = Release|Any CPU
		{93BD7C61-298E-43A2-990E-EF433F802120}.Ad-Hoc|Any CPU.ActiveCfg = Release|Any CPU
		{93BD7C61-298E-43A2-990E-EF433F802120}.Ad-Hoc|Any CPU.Build.0 = Release|Any CPU
		{93BD7C61-298E-43A2-990E-EF433F802120}.Ad-Hoc|iPhone.ActiveCfg = Release|Any CPU
		{93BD7C61-298E-43A2-990E-EF433F802120}.Ad-Hoc|iPhone.Build.0 = Release|Any CPU
		{93BD7C61-298E-43A2-990E-EF433F802120}.Ad-Hoc|iPhoneSimulator.ActiveCfg = Release|Any CPU
		{93BD7C61-298E-43A2-990E-EF433F802120}.Ad-Hoc|iPhoneSimulator.Build.0 = Release|Any CPU
		{93BD7C61-298E-43A2-990E-EF433F802120}.AppStore|Any CPU.ActiveCfg = Release|Any CPU
		{93BD7C61-298E-43A2-990E-EF433F802120}.AppStore|Any CPU.Build.0 = Release|Any CPU
		{93BD7C61-298E-43A2-990E-EF433F802120}.AppStore|iPhone.ActiveCfg = Release|Any CPU
		{93BD7C61-298E-43A2-990E-EF433F802120}.AppStore|iPhone.Build.0 = Release|Any CPU
		{93BD7C61-298E-43A2-990E-EF433F802120}.AppStore|iPhoneSimulator.ActiveCfg = Release|Any CPU
		{93BD7C61-298E-43A2-990E-EF433F802120}.AppStore|iPhoneSimulator.Build.0 = Release|Any CPU
		{93BD7C61-298E-43A2-990E-EF433F802120}.Debug|Any CPU.ActiveCfg = Debug|Any CPU
		{93BD7C61-298E-43A2-990E-EF433F802120}.Debug|Any CPU.Build.0 = Debug|Any CPU
		{93BD7C61-298E-43A2-990E-EF433F802120}.Debug|iPhone.ActiveCfg = Debug|Any CPU
		{93BD7C61-298E-43A2-990E-EF433F802120}.Debug|iPhone.Build.0 = Debug|Any CPU
		{93BD7C61-298E-43A2-990E-EF433F802120}.Debug|iPhoneSimulator.ActiveCfg = Debug|Any CPU
		{93BD7C61-298E-43A2-990E-EF433F802120}.Debug|iPhoneSimulator.Build.0 = Debug|Any CPU
		{93BD7C61-298E-43A2-990E-EF433F802120}.Release|Any CPU.ActiveCfg = Release|Any CPU
		{93BD7C61-298E-43A2-990E-EF433F802120}.Release|Any CPU.Build.0 = Release|Any CPU
		{93BD7C61-298E-43A2-990E-EF433F802120}.Release|iPhone.ActiveCfg = Release|Any CPU
		{93BD7C61-298E-43A2-990E-EF433F802120}.Release|iPhone.Build.0 = Release|Any CPU
		{93BD7C61-298E-43A2-990E-EF433F802120}.Release|iPhoneSimulator.ActiveCfg = Release|Any CPU
		{93BD7C61-298E-43A2-990E-EF433F802120}.Release|iPhoneSimulator.Build.0 = Release|Any CPU
		{B6FE8A40-08D7-4DE0-B8ED-EF6E5F07EC99}.Ad-Hoc|Any CPU.ActiveCfg = Release|Any CPU
		{B6FE8A40-08D7-4DE0-B8ED-EF6E5F07EC99}.Ad-Hoc|Any CPU.Build.0 = Release|Any CPU
		{B6FE8A40-08D7-4DE0-B8ED-EF6E5F07EC99}.Ad-Hoc|Any CPU.Deploy.0 = Release|Any CPU
		{B6FE8A40-08D7-4DE0-B8ED-EF6E5F07EC99}.Ad-Hoc|iPhone.ActiveCfg = Release|Any CPU
		{B6FE8A40-08D7-4DE0-B8ED-EF6E5F07EC99}.Ad-Hoc|iPhone.Build.0 = Release|Any CPU
		{B6FE8A40-08D7-4DE0-B8ED-EF6E5F07EC99}.Ad-Hoc|iPhone.Deploy.0 = Release|Any CPU
		{B6FE8A40-08D7-4DE0-B8ED-EF6E5F07EC99}.Ad-Hoc|iPhoneSimulator.ActiveCfg = Release|Any CPU
		{B6FE8A40-08D7-4DE0-B8ED-EF6E5F07EC99}.Ad-Hoc|iPhoneSimulator.Build.0 = Release|Any CPU
		{B6FE8A40-08D7-4DE0-B8ED-EF6E5F07EC99}.Ad-Hoc|iPhoneSimulator.Deploy.0 = Release|Any CPU
		{B6FE8A40-08D7-4DE0-B8ED-EF6E5F07EC99}.AppStore|Any CPU.ActiveCfg = Release|Any CPU
		{B6FE8A40-08D7-4DE0-B8ED-EF6E5F07EC99}.AppStore|Any CPU.Build.0 = Release|Any CPU
		{B6FE8A40-08D7-4DE0-B8ED-EF6E5F07EC99}.AppStore|Any CPU.Deploy.0 = Release|Any CPU
		{B6FE8A40-08D7-4DE0-B8ED-EF6E5F07EC99}.AppStore|iPhone.ActiveCfg = Release|Any CPU
		{B6FE8A40-08D7-4DE0-B8ED-EF6E5F07EC99}.AppStore|iPhone.Build.0 = Release|Any CPU
		{B6FE8A40-08D7-4DE0-B8ED-EF6E5F07EC99}.AppStore|iPhone.Deploy.0 = Release|Any CPU
		{B6FE8A40-08D7-4DE0-B8ED-EF6E5F07EC99}.AppStore|iPhoneSimulator.ActiveCfg = Release|Any CPU
		{B6FE8A40-08D7-4DE0-B8ED-EF6E5F07EC99}.AppStore|iPhoneSimulator.Build.0 = Release|Any CPU
		{B6FE8A40-08D7-4DE0-B8ED-EF6E5F07EC99}.AppStore|iPhoneSimulator.Deploy.0 = Release|Any CPU
		{B6FE8A40-08D7-4DE0-B8ED-EF6E5F07EC99}.Debug|Any CPU.ActiveCfg = Debug|Any CPU
		{B6FE8A40-08D7-4DE0-B8ED-EF6E5F07EC99}.Debug|Any CPU.Build.0 = Debug|Any CPU
		{B6FE8A40-08D7-4DE0-B8ED-EF6E5F07EC99}.Debug|Any CPU.Deploy.0 = Debug|Any CPU
		{B6FE8A40-08D7-4DE0-B8ED-EF6E5F07EC99}.Debug|iPhone.ActiveCfg = Debug|Any CPU
		{B6FE8A40-08D7-4DE0-B8ED-EF6E5F07EC99}.Debug|iPhone.Build.0 = Debug|Any CPU
		{B6FE8A40-08D7-4DE0-B8ED-EF6E5F07EC99}.Debug|iPhone.Deploy.0 = Debug|Any CPU
		{B6FE8A40-08D7-4DE0-B8ED-EF6E5F07EC99}.Debug|iPhoneSimulator.ActiveCfg = Debug|Any CPU
		{B6FE8A40-08D7-4DE0-B8ED-EF6E5F07EC99}.Debug|iPhoneSimulator.Build.0 = Debug|Any CPU
		{B6FE8A40-08D7-4DE0-B8ED-EF6E5F07EC99}.Debug|iPhoneSimulator.Deploy.0 = Debug|Any CPU
		{B6FE8A40-08D7-4DE0-B8ED-EF6E5F07EC99}.Release|Any CPU.ActiveCfg = Release|Any CPU
		{B6FE8A40-08D7-4DE0-B8ED-EF6E5F07EC99}.Release|Any CPU.Build.0 = Release|Any CPU
		{B6FE8A40-08D7-4DE0-B8ED-EF6E5F07EC99}.Release|Any CPU.Deploy.0 = Release|Any CPU
		{B6FE8A40-08D7-4DE0-B8ED-EF6E5F07EC99}.Release|iPhone.ActiveCfg = Release|Any CPU
		{B6FE8A40-08D7-4DE0-B8ED-EF6E5F07EC99}.Release|iPhone.Build.0 = Release|Any CPU
		{B6FE8A40-08D7-4DE0-B8ED-EF6E5F07EC99}.Release|iPhone.Deploy.0 = Release|Any CPU
		{B6FE8A40-08D7-4DE0-B8ED-EF6E5F07EC99}.Release|iPhoneSimulator.ActiveCfg = Release|Any CPU
		{B6FE8A40-08D7-4DE0-B8ED-EF6E5F07EC99}.Release|iPhoneSimulator.Build.0 = Release|Any CPU
		{B6FE8A40-08D7-4DE0-B8ED-EF6E5F07EC99}.Release|iPhoneSimulator.Deploy.0 = Release|Any CPU
		{AD6584D4-11E2-4EFF-B61F-8C44A27FF594}.Ad-Hoc|Any CPU.ActiveCfg = Ad-Hoc|iPhone
		{AD6584D4-11E2-4EFF-B61F-8C44A27FF594}.Ad-Hoc|iPhone.ActiveCfg = Ad-Hoc|iPhone
		{AD6584D4-11E2-4EFF-B61F-8C44A27FF594}.Ad-Hoc|iPhone.Build.0 = Ad-Hoc|iPhone
		{AD6584D4-11E2-4EFF-B61F-8C44A27FF594}.Ad-Hoc|iPhoneSimulator.ActiveCfg = Ad-Hoc|iPhoneSimulator
		{AD6584D4-11E2-4EFF-B61F-8C44A27FF594}.Ad-Hoc|iPhoneSimulator.Build.0 = Ad-Hoc|iPhoneSimulator
		{AD6584D4-11E2-4EFF-B61F-8C44A27FF594}.AppStore|Any CPU.ActiveCfg = AppStore|iPhone
		{AD6584D4-11E2-4EFF-B61F-8C44A27FF594}.AppStore|iPhone.ActiveCfg = AppStore|iPhone
		{AD6584D4-11E2-4EFF-B61F-8C44A27FF594}.AppStore|iPhone.Build.0 = AppStore|iPhone
		{AD6584D4-11E2-4EFF-B61F-8C44A27FF594}.AppStore|iPhoneSimulator.ActiveCfg = AppStore|iPhoneSimulator
		{AD6584D4-11E2-4EFF-B61F-8C44A27FF594}.AppStore|iPhoneSimulator.Build.0 = AppStore|iPhoneSimulator
		{AD6584D4-11E2-4EFF-B61F-8C44A27FF594}.Debug|Any CPU.ActiveCfg = Debug|iPhone
		{AD6584D4-11E2-4EFF-B61F-8C44A27FF594}.Debug|iPhone.ActiveCfg = Debug|iPhone
		{AD6584D4-11E2-4EFF-B61F-8C44A27FF594}.Debug|iPhone.Build.0 = Debug|iPhone
		{AD6584D4-11E2-4EFF-B61F-8C44A27FF594}.Debug|iPhoneSimulator.ActiveCfg = Debug|iPhoneSimulator
		{AD6584D4-11E2-4EFF-B61F-8C44A27FF594}.Debug|iPhoneSimulator.Build.0 = Debug|iPhoneSimulator
		{AD6584D4-11E2-4EFF-B61F-8C44A27FF594}.Release|Any CPU.ActiveCfg = Release|iPhone
		{AD6584D4-11E2-4EFF-B61F-8C44A27FF594}.Release|iPhone.ActiveCfg = Release|iPhone
		{AD6584D4-11E2-4EFF-B61F-8C44A27FF594}.Release|iPhone.Build.0 = Release|iPhone
		{AD6584D4-11E2-4EFF-B61F-8C44A27FF594}.Release|iPhoneSimulator.ActiveCfg = Release|iPhoneSimulator
		{AD6584D4-11E2-4EFF-B61F-8C44A27FF594}.Release|iPhoneSimulator.Build.0 = Release|iPhoneSimulator
		{E40147D9-5C71-4850-A8ED-7693FD965850}.Ad-Hoc|Any CPU.ActiveCfg = Release|Any CPU
		{E40147D9-5C71-4850-A8ED-7693FD965850}.Ad-Hoc|Any CPU.Build.0 = Release|Any CPU
		{E40147D9-5C71-4850-A8ED-7693FD965850}.Ad-Hoc|iPhone.ActiveCfg = Release|Any CPU
		{E40147D9-5C71-4850-A8ED-7693FD965850}.Ad-Hoc|iPhone.Build.0 = Release|Any CPU
		{E40147D9-5C71-4850-A8ED-7693FD965850}.Ad-Hoc|iPhoneSimulator.ActiveCfg = Release|Any CPU
		{E40147D9-5C71-4850-A8ED-7693FD965850}.Ad-Hoc|iPhoneSimulator.Build.0 = Release|Any CPU
		{E40147D9-5C71-4850-A8ED-7693FD965850}.AppStore|Any CPU.ActiveCfg = Release|Any CPU
		{E40147D9-5C71-4850-A8ED-7693FD965850}.AppStore|Any CPU.Build.0 = Release|Any CPU
		{E40147D9-5C71-4850-A8ED-7693FD965850}.AppStore|iPhone.ActiveCfg = Release|Any CPU
		{E40147D9-5C71-4850-A8ED-7693FD965850}.AppStore|iPhone.Build.0 = Release|Any CPU
		{E40147D9-5C71-4850-A8ED-7693FD965850}.AppStore|iPhoneSimulator.ActiveCfg = Release|Any CPU
		{E40147D9-5C71-4850-A8ED-7693FD965850}.AppStore|iPhoneSimulator.Build.0 = Release|Any CPU
		{E40147D9-5C71-4850-A8ED-7693FD965850}.Debug|Any CPU.ActiveCfg = Debug|Any CPU
		{E40147D9-5C71-4850-A8ED-7693FD965850}.Debug|Any CPU.Build.0 = Debug|Any CPU
		{E40147D9-5C71-4850-A8ED-7693FD965850}.Debug|iPhone.ActiveCfg = Debug|Any CPU
		{E40147D9-5C71-4850-A8ED-7693FD965850}.Debug|iPhone.Build.0 = Debug|Any CPU
		{E40147D9-5C71-4850-A8ED-7693FD965850}.Debug|iPhoneSimulator.ActiveCfg = Debug|Any CPU
		{E40147D9-5C71-4850-A8ED-7693FD965850}.Debug|iPhoneSimulator.Build.0 = Debug|Any CPU
		{E40147D9-5C71-4850-A8ED-7693FD965850}.Release|Any CPU.ActiveCfg = Release|Any CPU
		{E40147D9-5C71-4850-A8ED-7693FD965850}.Release|Any CPU.Build.0 = Release|Any CPU
		{E40147D9-5C71-4850-A8ED-7693FD965850}.Release|iPhone.ActiveCfg = Release|Any CPU
		{E40147D9-5C71-4850-A8ED-7693FD965850}.Release|iPhone.Build.0 = Release|Any CPU
		{E40147D9-5C71-4850-A8ED-7693FD965850}.Release|iPhoneSimulator.ActiveCfg = Release|Any CPU
		{E40147D9-5C71-4850-A8ED-7693FD965850}.Release|iPhoneSimulator.Build.0 = Release|Any CPU
		{059BEBDB-6453-422D-A7AE-88FBC639197A}.Ad-Hoc|Any CPU.ActiveCfg = Release|Any CPU
		{059BEBDB-6453-422D-A7AE-88FBC639197A}.Ad-Hoc|Any CPU.Build.0 = Release|Any CPU
		{059BEBDB-6453-422D-A7AE-88FBC639197A}.Ad-Hoc|iPhone.ActiveCfg = Release|Any CPU
		{059BEBDB-6453-422D-A7AE-88FBC639197A}.Ad-Hoc|iPhone.Build.0 = Release|Any CPU
		{059BEBDB-6453-422D-A7AE-88FBC639197A}.Ad-Hoc|iPhoneSimulator.ActiveCfg = Release|Any CPU
		{059BEBDB-6453-422D-A7AE-88FBC639197A}.Ad-Hoc|iPhoneSimulator.Build.0 = Release|Any CPU
		{059BEBDB-6453-422D-A7AE-88FBC639197A}.AppStore|Any CPU.ActiveCfg = Release|Any CPU
		{059BEBDB-6453-422D-A7AE-88FBC639197A}.AppStore|Any CPU.Build.0 = Release|Any CPU
		{059BEBDB-6453-422D-A7AE-88FBC639197A}.AppStore|iPhone.ActiveCfg = Release|Any CPU
		{059BEBDB-6453-422D-A7AE-88FBC639197A}.AppStore|iPhone.Build.0 = Release|Any CPU
		{059BEBDB-6453-422D-A7AE-88FBC639197A}.AppStore|iPhoneSimulator.ActiveCfg = Release|Any CPU
		{059BEBDB-6453-422D-A7AE-88FBC639197A}.AppStore|iPhoneSimulator.Build.0 = Release|Any CPU
		{059BEBDB-6453-422D-A7AE-88FBC639197A}.Debug|Any CPU.ActiveCfg = Debug|Any CPU
		{059BEBDB-6453-422D-A7AE-88FBC639197A}.Debug|Any CPU.Build.0 = Debug|Any CPU
		{059BEBDB-6453-422D-A7AE-88FBC639197A}.Debug|iPhone.ActiveCfg = Debug|Any CPU
		{059BEBDB-6453-422D-A7AE-88FBC639197A}.Debug|iPhone.Build.0 = Debug|Any CPU
		{059BEBDB-6453-422D-A7AE-88FBC639197A}.Debug|iPhoneSimulator.ActiveCfg = Debug|Any CPU
		{059BEBDB-6453-422D-A7AE-88FBC639197A}.Debug|iPhoneSimulator.Build.0 = Debug|Any CPU
		{059BEBDB-6453-422D-A7AE-88FBC639197A}.Release|Any CPU.ActiveCfg = Release|Any CPU
		{059BEBDB-6453-422D-A7AE-88FBC639197A}.Release|Any CPU.Build.0 = Release|Any CPU
		{059BEBDB-6453-422D-A7AE-88FBC639197A}.Release|iPhone.ActiveCfg = Release|Any CPU
		{059BEBDB-6453-422D-A7AE-88FBC639197A}.Release|iPhone.Build.0 = Release|Any CPU
		{059BEBDB-6453-422D-A7AE-88FBC639197A}.Release|iPhoneSimulator.ActiveCfg = Release|Any CPU
		{059BEBDB-6453-422D-A7AE-88FBC639197A}.Release|iPhoneSimulator.Build.0 = Release|Any CPU
		{A975DA39-15C0-4296-A743-48543507671A}.Ad-Hoc|Any CPU.ActiveCfg = Release|Any CPU
		{A975DA39-15C0-4296-A743-48543507671A}.Ad-Hoc|Any CPU.Build.0 = Release|Any CPU
		{A975DA39-15C0-4296-A743-48543507671A}.Ad-Hoc|iPhone.ActiveCfg = Release|Any CPU
		{A975DA39-15C0-4296-A743-48543507671A}.Ad-Hoc|iPhone.Build.0 = Release|Any CPU
		{A975DA39-15C0-4296-A743-48543507671A}.Ad-Hoc|iPhoneSimulator.ActiveCfg = Release|Any CPU
		{A975DA39-15C0-4296-A743-48543507671A}.Ad-Hoc|iPhoneSimulator.Build.0 = Release|Any CPU
		{A975DA39-15C0-4296-A743-48543507671A}.AppStore|Any CPU.ActiveCfg = Release|Any CPU
		{A975DA39-15C0-4296-A743-48543507671A}.AppStore|Any CPU.Build.0 = Release|Any CPU
		{A975DA39-15C0-4296-A743-48543507671A}.AppStore|iPhone.ActiveCfg = Release|Any CPU
		{A975DA39-15C0-4296-A743-48543507671A}.AppStore|iPhone.Build.0 = Release|Any CPU
		{A975DA39-15C0-4296-A743-48543507671A}.AppStore|iPhoneSimulator.ActiveCfg = Release|Any CPU
		{A975DA39-15C0-4296-A743-48543507671A}.AppStore|iPhoneSimulator.Build.0 = Release|Any CPU
		{A975DA39-15C0-4296-A743-48543507671A}.Debug|Any CPU.ActiveCfg = Debug|Any CPU
		{A975DA39-15C0-4296-A743-48543507671A}.Debug|Any CPU.Build.0 = Debug|Any CPU
		{A975DA39-15C0-4296-A743-48543507671A}.Debug|iPhone.ActiveCfg = Debug|Any CPU
		{A975DA39-15C0-4296-A743-48543507671A}.Debug|iPhone.Build.0 = Debug|Any CPU
		{A975DA39-15C0-4296-A743-48543507671A}.Debug|iPhoneSimulator.ActiveCfg = Debug|Any CPU
		{A975DA39-15C0-4296-A743-48543507671A}.Debug|iPhoneSimulator.Build.0 = Debug|Any CPU
		{A975DA39-15C0-4296-A743-48543507671A}.Release|Any CPU.ActiveCfg = Release|Any CPU
		{A975DA39-15C0-4296-A743-48543507671A}.Release|Any CPU.Build.0 = Release|Any CPU
		{A975DA39-15C0-4296-A743-48543507671A}.Release|iPhone.ActiveCfg = Release|Any CPU
		{A975DA39-15C0-4296-A743-48543507671A}.Release|iPhone.Build.0 = Release|Any CPU
		{A975DA39-15C0-4296-A743-48543507671A}.Release|iPhoneSimulator.ActiveCfg = Release|Any CPU
		{A975DA39-15C0-4296-A743-48543507671A}.Release|iPhoneSimulator.Build.0 = Release|Any CPU
	EndGlobalSection
	GlobalSection(SolutionProperties) = preSolution
		HideSolutionNode = FALSE
	EndGlobalSection
EndGlobal
